
Microsoft Visual Studio Solution File, Format Version 12.00
# Visual Studio 15
VisualStudioVersion = 15.0.26730.16
MinimumVisualStudioVersion = 10.0.40219.1
Project("{FAE04EC0-301F-11D3-BF4B-00C04F79EFBC}") = "MissingPets.Site", "MissingPets.Site\MissingPets.Site.csproj", "{CEC3AD10-AC4D-41E7-8345-C28B584BBF1E}"
EndProject
Project("{E53339B2-1760-4266-BCC7-CA923CBCF16C}") = "docker-compose", "docker-compose.dcproj", "{C2DD02DA-B474-44A8-8B6A-458779EFDB0E}"
EndProject
Project("{FAE04EC0-301F-11D3-BF4B-00C04F79EFBC}") = "MissingPets.API", "MissingPets.API\MissingPets.API.csproj", "{EFE9CC4E-8C31-4DC2-ACFA-3355AC7598DE}"
EndProject
Project("{FAE04EC0-301F-11D3-BF4B-00C04F79EFBC}") = "MissingPets.Tests", "MissingPets.Tests\MissingPets.Tests.csproj", "{9581C39F-3403-4E82-8F84-A759B5BCF76B}"
EndProject
Global
	GlobalSection(SolutionConfigurationPlatforms) = preSolution
		Debug|Any CPU = Debug|Any CPU
		Release|Any CPU = Release|Any CPU
	EndGlobalSection
	GlobalSection(ProjectConfigurationPlatforms) = postSolution
		{CEC3AD10-AC4D-41E7-8345-C28B584BBF1E}.Debug|Any CPU.ActiveCfg = Debug|Any CPU
		{CEC3AD10-AC4D-41E7-8345-C28B584BBF1E}.Debug|Any CPU.Build.0 = Debug|Any CPU
		{CEC3AD10-AC4D-41E7-8345-C28B584BBF1E}.Release|Any CPU.ActiveCfg = Release|Any CPU
		{CEC3AD10-AC4D-41E7-8345-C28B584BBF1E}.Release|Any CPU.Build.0 = Release|Any CPU
		{C2DD02DA-B474-44A8-8B6A-458779EFDB0E}.Debug|Any CPU.ActiveCfg = Debug|Any CPU
		{C2DD02DA-B474-44A8-8B6A-458779EFDB0E}.Debug|Any CPU.Build.0 = Debug|Any CPU
		{C2DD02DA-B474-44A8-8B6A-458779EFDB0E}.Release|Any CPU.ActiveCfg = Release|Any CPU
		{C2DD02DA-B474-44A8-8B6A-458779EFDB0E}.Release|Any CPU.Build.0 = Release|Any CPU
		{EFE9CC4E-8C31-4DC2-ACFA-3355AC7598DE}.Debug|Any CPU.ActiveCfg = Debug|Any CPU
		{EFE9CC4E-8C31-4DC2-ACFA-3355AC7598DE}.Debug|Any CPU.Build.0 = Debug|Any CPU
		{EFE9CC4E-8C31-4DC2-ACFA-3355AC7598DE}.Release|Any CPU.ActiveCfg = Release|Any CPU
		{EFE9CC4E-8C31-4DC2-ACFA-3355AC7598DE}.Release|Any CPU.Build.0 = Release|Any CPU
		{9581C39F-3403-4E82-8F84-A759B5BCF76B}.Debug|Any CPU.ActiveCfg = Debug|Any CPU
		{9581C39F-3403-4E82-8F84-A759B5BCF76B}.Debug|Any CPU.Build.0 = Debug|Any CPU
		{9581C39F-3403-4E82-8F84-A759B5BCF76B}.Release|Any CPU.ActiveCfg = Release|Any CPU
		{9581C39F-3403-4E82-8F84-A759B5BCF76B}.Release|Any CPU.Build.0 = Release|Any CPU
	EndGlobalSection
	GlobalSection(SolutionProperties) = preSolution
		HideSolutionNode = FALSE
	EndGlobalSection
	GlobalSection(ExtensibilityGlobals) = postSolution
		SolutionGuid = {33FB5642-102D-4E70-B2BB-49F4857F273F}
	EndGlobalSection
EndGlobal
